<?xml version="1.0" encoding="utf-8"?>
<Project ToolsVersion="4.0" xmlns="http://schemas.microsoft.com/developer/msbuild/2003">
  <ItemGroup>
    <Filter Include="Resource Files">
      <UniqueIdentifier>{67DA6AB6-F800-4c08-8B7A-83BB121AAD01}</UniqueIdentifier>
      <Extensions>rc;ico;cur;bmp;dlg;rc2;rct;bin;rgs;gif;jpg;jpeg;jpe;resx;tiff;tif;png;wav</Extensions>
    </Filter>
    <Filter Include="Source">
      <UniqueIdentifier>{9fd7dd3a-ba0a-424d-a820-28f58b265fc4}</UniqueIdentifier>
    </Filter>
    <Filter Include="Include">
      <UniqueIdentifier>{93995380-89BD-4b04-88EB-625FBE52EBFB}</UniqueIdentifier>
      <Extensions>h;hpp;hxx;hm;inl;inc;xsd</Extensions>
    </Filter>
  </ItemGroup>
  <ItemGroup>
    <ClInclude Include="Include\BresenhamLineDraw.h">
      <Filter>Include</Filter>
    </ClInclude>
    <ClInclude Include="Include\Clamp.h">
      <Filter>Include</Filter>
    </ClInclude>
    <ClInclude Include="Include\Class.h">
      <Filter>Include</Filter>
    </ClInclude>
    <ClInclude Include="Include\ColorValue.h">
      <Filter>Include</Filter>
    </ClInclude>
    <ClInclude Include="Include\Common.h">
      <Filter>Include</Filter>
    </ClInclude>
    <ClInclude Include="Include\Direction.h">
      <Filter>Include</Filter>
    </ClInclude>
    <ClInclude Include="Include\Draw.h">
      <Filter>Include</Filter>
    </ClInclude>
    <ClInclude Include="Include\Factory.h">
      <Filter>Include</Filter>
    </ClInclude>
    <ClInclude Include="Include\Font.h">
      <Filter>Include</Filter>
    </ClInclude>
    <ClInclude Include="Include\Game.h">
      <Filter>Include</Filter>
    </ClInclude>
    <ClInclude Include="Include\GameTime.h">
      <Filter>Include</Filter>
    </ClInclude>
    <ClInclude Include="Include\Geometry.h">
      <Filter>Include</Filter>
    </ClInclude>
    <ClInclude Include="Include\Impact.h">
      <Filter>Include</Filter>
    </ClInclude>
    <ClInclude Include="Include\Input.h">
      <Filter>Include</Filter>
    </ClInclude>
    <ClInclude Include="Include\Level.h">
      <Filter>Include</Filter>
    </ClInclude>
    <ClInclude Include="Include\Matrix.h">
      <Filter>Include</Filter>
    </ClInclude>
    <ClInclude Include="Include\Object.h">
      <Filter>Include</Filter>
    </ClInclude>
    <ClInclude Include="Include\ObjectBase.h">
      <Filter>Include</Filter>
    </ClInclude>
    <ClInclude Include="Include\Phase.h">
      <Filter>Include</Filter>
    </ClInclude>
    <ClInclude Include="Include\PhaseCommon.h">
      <Filter>Include</Filter>
    </ClInclude>
    <ClInclude Include="Include\Player.h">
      <Filter>Include</Filter>
    </ClInclude>
    <ClInclude Include="Include\Playfield.h">
      <Filter>Include</Filter>
    </ClInclude>
    <ClInclude Include="Include\Precompiled.h">
      <Filter>Include</Filter>
    </ClInclude>
    <ClInclude Include="Include\Random.h">
      <Filter>Include</Filter>
    </ClInclude>
    <ClInclude Include="Include\Sinusoid.h">
      <Filter>Include</Filter>
    </ClInclude>
    <ClInclude Include="Include\Styx.h">
      <Filter>Include</Filter>
    </ClInclude>
    <ClInclude Include="Include\Traits.h">
      <Filter>Include</Filter>
    </ClInclude>
    <ClInclude Include="Include\World.h">
      <Filter>Include</Filter>
    </ClInclude>
    <ClInclude Include="Include\Xiq.h">
      <Filter>Include</Filter>
    </ClInclude>
  </ItemGroup>
  <ItemGroup>
    <ClCompile Include="Source\Draw.cpp">
      <Filter>Source</Filter>
    </ClCompile>
    <ClCompile Include="Source\Factory.cpp">
      <Filter>Source</Filter>
    </ClCompile>
    <ClCompile Include="Source\Font.cpp">
      <Filter>Source</Filter>
    </ClCompile>
    <ClCompile Include="Source\Game.cpp">
      <Filter>Source</Filter>
    </ClCompile>
    <ClCompile Include="Source\GameTime.cpp">
      <Filter>Source</Filter>
    </ClCompile>
    <ClCompile Include="Source\Geometry.cpp">
      <Filter>Source</Filter>
    </ClCompile>
    <ClCompile Include="Source\Impact.cpp">
      <Filter>Source</Filter>
    </ClCompile>
    <ClCompile Include="Source\Input.cpp">
      <Filter>Source</Filter>
    </ClCompile>
    <ClCompile Include="Source\Level.cpp">
      <Filter>Source</Filter>
    </ClCompile>
    <ClCompile Include="Source\main.cpp">
      <Filter>Source</Filter>
    </ClCompile>
    <ClCompile Include="Source\ObjectBase.cpp">
      <Filter>Source</Filter>
    </ClCompile>
    <ClCompile Include="Source\Phase.Attract.cpp">
      <Filter>Source</Filter>
    </ClCompile>
    <ClCompile Include="Source\Phase.Boot.cpp">
      <Filter>Source</Filter>
    </ClCompile>
    <ClCompile Include="Source\Phase.GameOver.cpp">
      <Filter>Source</Filter>
    </ClCompile>
    <ClCompile Include="Source\Phase.GameOver.HighScore.cpp">
      <Filter>Source</Filter>
    </ClCompile>
    <ClCompile Include="Source\Phase.LevelChange.cpp">
      <Filter>Source</Filter>
    </ClCompile>
    <ClCompile Include="Source\Phase.Play.cpp">
      <Filter>Source</Filter>
    </ClCompile>
    <ClCompile Include="Source\Phase.Test.cpp">
      <Filter>Source</Filter>
    </ClCompile>
    <ClCompile Include="Source\Player.cpp">
      <Filter>Source</Filter>
    </ClCompile>
    <ClCompile Include="Source\Playfield.cpp">
      <Filter>Source</Filter>
    </ClCompile>
    <ClCompile Include="Source\Precompiled.cpp">
      <Filter>Source</Filter>
    </ClCompile>
    <ClCompile Include="Source\Random.cpp">
      <Filter>Source</Filter>
    </ClCompile>
    <ClCompile Include="Source\Styx.cpp">
      <Filter>Source</Filter>
    </ClCompile>
    <ClCompile Include="Source\World.cpp">
      <Filter>Source</Filter>
    </ClCompile>
    <ClCompile Include="Source\Xiq.cpp">
      <Filter>Source</Filter>
    </ClCompile>
  </ItemGroup>
</Project>